// !$*UTF8*$!
{
	archiveVersion = 1;
	classes = {
	};
	objectVersion = 50;
	objects = {

/* Begin PBXBuildFile section */
		60BFCF2F24573D0700BE6F89 /* AppDelegate.swift in Sources */ = {isa = PBXBuildFile; fileRef = 60BFCF2E24573D0700BE6F89 /* AppDelegate.swift */; };
		60BFCF3124573D0700BE6F89 /* SceneDelegate.swift in Sources */ = {isa = PBXBuildFile; fileRef = 60BFCF3024573D0700BE6F89 /* SceneDelegate.swift */; };
		60BFCF3324573D0700BE6F89 /* ViewController.swift in Sources */ = {isa = PBXBuildFile; fileRef = 60BFCF3224573D0700BE6F89 /* ViewController.swift */; };
		60BFCF3624573D0700BE6F89 /* Main.storyboard in Resources */ = {isa = PBXBuildFile; fileRef = 60BFCF3424573D0700BE6F89 /* Main.storyboard */; };
		60BFCF3824573D0C00BE6F89 /* Assets.xcassets in Resources */ = {isa = PBXBuildFile; fileRef = 60BFCF3724573D0C00BE6F89 /* Assets.xcassets */; };
		60BFCF3B24573D0C00BE6F89 /* LaunchScreen.storyboard in Resources */ = {isa = PBXBuildFile; fileRef = 60BFCF3924573D0C00BE6F89 /* LaunchScreen.storyboard */; };
		60BFCF4624573D0C00BE6F89 /* Profio_Homework__8Tests.swift in Sources */ = {isa = PBXBuildFile; fileRef = 60BFCF4524573D0C00BE6F89 /* Profio_Homework__8Tests.swift */; };
		60BFCF5124573D0C00BE6F89 /* Profio_Homework__8UITests.swift in Sources */ = {isa = PBXBuildFile; fileRef = 60BFCF5024573D0C00BE6F89 /* Profio_Homework__8UITests.swift */; };
/* End PBXBuildFile section */

/* Begin PBXContainerItemProxy section */
		60BFCF4224573D0C00BE6F89 /* PBXContainerItemProxy */ = {
			isa = PBXContainerItemProxy;
			containerPortal = 60BFCF2324573D0700BE6F89 /* Project object */;
			proxyType = 1;
			remoteGlobalIDString = 60BFCF2A24573D0700BE6F89;
			remoteInfo = "Profio Homework #8";
		};
		60BFCF4D24573D0C00BE6F89 /* PBXContainerItemProxy */ = {
			isa = PBXContainerItemProxy;
			containerPortal = 60BFCF2324573D0700BE6F89 /* Project object */;
			proxyType = 1;
			remoteGlobalIDString = 60BFCF2A24573D0700BE6F89;
			remoteInfo = "Profio Homework #8";
		};
/* End PBXContainerItemProxy section */

/* Begin PBXFileReference section */
		60BFCF2B24573D0700BE6F89 /* Profio Homework #8.app */ = {isa = PBXFileReference; explicitFileType = wrapper.application; includeInIndex = 0; path = "Profio Homework #8.app"; sourceTree = BUILT_PRODUCTS_DIR; };
		60BFCF2E24573D0700BE6F89 /* AppDelegate.swift */ = {isa = PBXFileReference; lastKnownFileType = sourcecode.swift; path = AppDelegate.swift; sourceTree = "<group>"; };
		60BFCF3024573D0700BE6F89 /* SceneDelegate.swift */ = {isa = PBXFileReference; lastKnownFileType = sourcecode.swift; path = SceneDelegate.swift; sourceTree = "<group>"; };
		60BFCF3224573D0700BE6F89 /* ViewController.swift */ = {isa = PBXFileReference; lastKnownFileType = sourcecode.swift; path = ViewController.swift; sourceTree = "<group>"; };
		60BFCF3524573D0700BE6F89 /* Base */ = {isa = PBXFileReference; lastKnownFileType = file.storyboard; name = Base; path = Base.lproj/Main.storyboard; sourceTree = "<group>"; };
		60BFCF3724573D0C00BE6F89 /* Assets.xcassets */ = {isa = PBXFileReference; lastKnownFileType = folder.assetcatalog; path = Assets.xcassets; sourceTree = "<group>"; };
		60BFCF3A24573D0C00BE6F89 /* Base */ = {isa = PBXFileReference; lastKnownFileType = file.storyboard; name = Base; path = Base.lproj/LaunchScreen.storyboard; sourceTree = "<group>"; };
		60BFCF3C24573D0C00BE6F89 /* Info.plist */ = {isa = PBXFileReference; lastKnownFileType = text.plist.xml; path = Info.plist; sourceTree = "<group>"; };
		60BFCF4124573D0C00BE6F89 /* Profio Homework #8Tests.xctest */ = {isa = PBXFileReference; explicitFileType = wrapper.cfbundle; includeInIndex = 0; path = "Profio Homework #8Tests.xctest"; sourceTree = BUILT_PRODUCTS_DIR; };
		60BFCF4524573D0C00BE6F89 /* Profio_Homework__8Tests.swift */ = {isa = PBXFileReference; lastKnownFileType = sourcecode.swift; path = Profio_Homework__8Tests.swift; sourceTree = "<group>"; };
		60BFCF4724573D0C00BE6F89 /* Info.plist */ = {isa = PBXFileReference; lastKnownFileType = text.plist.xml; path = Info.plist; sourceTree = "<group>"; };
		60BFCF4C24573D0C00BE6F89 /* Profio Homework #8UITests.xctest */ = {isa = PBXFileReference; explicitFileType = wrapper.cfbundle; includeInIndex = 0; path = "Profio Homework #8UITests.xctest"; sourceTree = BUILT_PRODUCTS_DIR; };
		60BFCF5024573D0C00BE6F89 /* Profio_Homework__8UITests.swift */ = {isa = PBXFileReference; lastKnownFileType = sourcecode.swift; path = Profio_Homework__8UITests.swift; sourceTree = "<group>"; };
		60BFCF5224573D0C00BE6F89 /* Info.plist */ = {isa = PBXFileReference; lastKnownFileType = text.plist.xml; path = Info.plist; sourceTree = "<group>"; };
/* End PBXFileReference section */

/* Begin PBXFrameworksBuildPhase section */
		60BFCF2824573D0700BE6F89 /* Frameworks */ = {
			isa = PBXFrameworksBuildPhase;
			buildActionMask = 2147483647;
			files = (
			);
			runOnlyForDeploymentPostprocessing = 0;
		};
		60BFCF3E24573D0C00BE6F89 /* Frameworks */ = {
			isa = PBXFrameworksBuildPhase;
			buildActionMask = 2147483647;
			files = (
			);
			runOnlyForDeploymentPostprocessing = 0;
		};
		60BFCF4924573D0C00BE6F89 /* Frameworks */ = {
			isa = PBXFrameworksBuildPhase;
			buildActionMask = 2147483647;
			files = (
			);
			runOnlyForDeploymentPostprocessing = 0;
		};
/* End PBXFrameworksBuildPhase section */

/* Begin PBXGroup section */
		60BFCF2224573D0700BE6F89 = {
			isa = PBXGroup;
			children = (
				60BFCF2D24573D0700BE6F89 /* Profio Homework #8 */,
				60BFCF4424573D0C00BE6F89 /* Profio Homework #8Tests */,
				60BFCF4F24573D0C00BE6F89 /* Profio Homework #8UITests */,
				60BFCF2C24573D0700BE6F89 /* Products */,
			);
			sourceTree = "<group>";
		};
		60BFCF2C24573D0700BE6F89 /* Products */ = {
			isa = PBXGroup;
			children = (
				60BFCF2B24573D0700BE6F89 /* Profio Homework #8.app */,
				60BFCF4124573D0C00BE6F89 /* Profio Homework #8Tests.xctest */,
				60BFCF4C24573D0C00BE6F89 /* Profio Homework #8UITests.xctest */,
			);
			name = Products;
			sourceTree = "<group>";
		};
		60BFCF2D24573D0700BE6F89 /* Profio Homework #8 */ = {
			isa = PBXGroup;
			children = (
				60BFCF2E24573D0700BE6F89 /* AppDelegate.swift */,
				60BFCF3024573D0700BE6F89 /* SceneDelegate.swift */,
				60BFCF3224573D0700BE6F89 /* ViewController.swift */,
				60BFCF3424573D0700BE6F89 /* Main.storyboard */,
				60BFCF3724573D0C00BE6F89 /* Assets.xcassets */,
				60BFCF3924573D0C00BE6F89 /* LaunchScreen.storyboard */,
				60BFCF3C24573D0C00BE6F89 /* Info.plist */,
			);
			path = "Profio Homework #8";
			sourceTree = "<group>";
		};
		60BFCF4424573D0C00BE6F89 /* Profio Homework #8Tests */ = {
			isa = PBXGroup;
			children = (
				60BFCF4524573D0C00BE6F89 /* Profio_Homework__8Tests.swift */,
				60BFCF4724573D0C00BE6F89 /* Info.plist */,
			);
			path = "Profio Homework #8Tests";
			sourceTree = "<group>";
		};
		60BFCF4F24573D0C00BE6F89 /* Profio Homework #8UITests */ = {
			isa = PBXGroup;
			children = (
				60BFCF5024573D0C00BE6F89 /* Profio_Homework__8UITests.swift */,
				60BFCF5224573D0C00BE6F89 /* Info.plist */,
			);
			path = "Profio Homework #8UITests";
			sourceTree = "<group>";
		};
/* End PBXGroup section */

/* Begin PBXNativeTarget section */
		60BFCF2A24573D0700BE6F89 /* Profio Homework #8 */ = {
			isa = PBXNativeTarget;
			buildConfigurationList = 60BFCF5524573D0C00BE6F89 /* Build configuration list for PBXNativeTarget "Profio Homework #8" */;
			buildPhases = (
				60BFCF2724573D0700BE6F89 /* Sources */,
				60BFCF2824573D0700BE6F89 /* Frameworks */,
				60BFCF2924573D0700BE6F89 /* Resources */,
			);
			buildRules = (
			);
			dependencies = (
			);
			name = "Profio Homework #8";
			productName = "Profio Homework #8";
			productReference = 60BFCF2B24573D0700BE6F89 /* Profio Homework #8.app */;
			productType = "com.apple.product-type.application";
		};
		60BFCF4024573D0C00BE6F89 /* Profio Homework #8Tests */ = {
			isa = PBXNativeTarget;
			buildConfigurationList = 60BFCF5824573D0C00BE6F89 /* Build configuration list for PBXNativeTarget "Profio Homework #8Tests" */;
			buildPhases = (
				60BFCF3D24573D0C00BE6F89 /* Sources */,
				60BFCF3E24573D0C00BE6F89 /* Frameworks */,
				60BFCF3F24573D0C00BE6F89 /* Resources */,
			);
			buildRules = (
			);
			dependencies = (
				60BFCF4324573D0C00BE6F89 /* PBXTargetDependency */,
			);
			name = "Profio Homework #8Tests";
			productName = "Profio Homework #8Tests";
			productReference = 60BFCF4124573D0C00BE6F89 /* Profio Homework #8Tests.xctest */;
			productType = "com.apple.product-type.bundle.unit-test";
		};
		60BFCF4B24573D0C00BE6F89 /* Profio Homework #8UITests */ = {
			isa = PBXNativeTarget;
			buildConfigurationList = 60BFCF5B24573D0C00BE6F89 /* Build configuration list for PBXNativeTarget "Profio Homework #8UITests" */;
			buildPhases = (
				60BFCF4824573D0C00BE6F89 /* Sources */,
				60BFCF4924573D0C00BE6F89 /* Frameworks */,
				60BFCF4A24573D0C00BE6F89 /* Resources */,
			);
			buildRules = (
			);
			dependencies = (
				60BFCF4E24573D0C00BE6F89 /* PBXTargetDependency */,
			);
			name = "Profio Homework #8UITests";
			productName = "Profio Homework #8UITests";
			productReference = 60BFCF4C24573D0C00BE6F89 /* Profio Homework #8UITests.xctest */;
			productType = "com.apple.product-type.bundle.ui-testing";
		};
/* End PBXNativeTarget section */

/* Begin PBXProject section */
		60BFCF2324573D0700BE6F89 /* Project object */ = {
			isa = PBXProject;
			attributes = {
				LastSwiftUpdateCheck = 1130;
				LastUpgradeCheck = 1130;
				ORGANIZATIONNAME = "Blake Profio";
				TargetAttributes = {
					60BFCF2A24573D0700BE6F89 = {
						CreatedOnToolsVersion = 11.3.1;
					};
					60BFCF4024573D0C00BE6F89 = {
						CreatedOnToolsVersion = 11.3.1;
						TestTargetID = 60BFCF2A24573D0700BE6F89;
					};
					60BFCF4B24573D0C00BE6F89 = {
						CreatedOnToolsVersion = 11.3.1;
						TestTargetID = 60BFCF2A24573D0700BE6F89;
					};
				};
			};
			buildConfigurationList = 60BFCF2624573D0700BE6F89 /* Build configuration list for PBXProject "Profio Homework #8" */;
			compatibilityVersion = "Xcode 9.3";
			developmentRegion = en;
			hasScannedForEncodings = 0;
			knownRegions = (
				en,
				Base,
			);
			mainGroup = 60BFCF2224573D0700BE6F89;
			productRefGroup = 60BFCF2C24573D0700BE6F89 /* Products */;
			projectDirPath = "";
			projectRoot = "";
			targets = (
				60BFCF2A24573D0700BE6F89 /* Profio Homework #8 */,
				60BFCF4024573D0C00BE6F89 /* Profio Homework #8Tests */,
				60BFCF4B24573D0C00BE6F89 /* Profio Homework #8UITests */,
			);
		};
/* End PBXProject section */

/* Begin PBXResourcesBuildPhase section */
		60BFCF2924573D0700BE6F89 /* Resources */ = {
			isa = PBXResourcesBuildPhase;
			buildActionMask = 2147483647;
			files = (
				60BFCF3B24573D0C00BE6F89 /* LaunchScreen.storyboard in Resources */,
				60BFCF3824573D0C00BE6F89 /* Assets.xcassets in Resources */,
				60BFCF3624573D0700BE6F89 /* Main.storyboard in Resources */,
			);
			runOnlyForDeploymentPostprocessing = 0;
		};
		60BFCF3F24573D0C00BE6F89 /* Resources */ = {
			isa = PBXResourcesBuildPhase;
			buildActionMask = 2147483647;
			files = (
			);
			runOnlyForDeploymentPostprocessing = 0;
		};
		60BFCF4A24573D0C00BE6F89 /* Resources */ = {
			isa = PBXResourcesBuildPhase;
			buildActionMask = 2147483647;
			files = (
			);
			runOnlyForDeploymentPostprocessing = 0;
		};
/* End PBXResourcesBuildPhase section */

/* Begin PBXSourcesBuildPhase section */
		60BFCF2724573D0700BE6F89 /* Sources */ = {
			isa = PBXSourcesBuildPhase;
			buildActionMask = 2147483647;
			files = (
				60BFCF3324573D0700BE6F89 /* ViewController.swift in Sources */,
				60BFCF2F24573D0700BE6F89 /* AppDelegate.swift in Sources */,
				60BFCF3124573D0700BE6F89 /* SceneDelegate.swift in Sources */,
			);
			runOnlyForDeploymentPostprocessing = 0;
		};
		60BFCF3D24573D0C00BE6F89 /* Sources */ = {
			isa = PBXSourcesBuildPhase;
			buildActionMask = 2147483647;
			files = (
				60BFCF4624573D0C00BE6F89 /* Profio_Homework__8Tests.swift in Sources */,
			);
			runOnlyForDeploymentPostprocessing = 0;
		};
		60BFCF4824573D0C00BE6F89 /* Sources */ = {
			isa = PBXSourcesBuildPhase;
			buildActionMask = 2147483647;
			files = (
				60BFCF5124573D0C00BE6F89 /* Profio_Homework__8UITests.swift in Sources */,
			);
			runOnlyForDeploymentPostprocessing = 0;
		};
/* End PBXSourcesBuildPhase section */

/* Begin PBXTargetDependency section */
		60BFCF4324573D0C00BE6F89 /* PBXTargetDependency */ = {
			isa = PBXTargetDependency;
			target = 60BFCF2A24573D0700BE6F89 /* Profio Homework #8 */;
			targetProxy = 60BFCF4224573D0C00BE6F89 /* PBXContainerItemProxy */;
		};
		60BFCF4E24573D0C00BE6F89 /* PBXTargetDependency */ = {
			isa = PBXTargetDependency;
			target = 60BFCF2A24573D0700BE6F89 /* Profio Homework #8 */;
			targetProxy = 60BFCF4D24573D0C00BE6F89 /* PBXContainerItemProxy */;
		};
/* End PBXTargetDependency section */

/* Begin PBXVariantGroup section */
		60BFCF3424573D0700BE6F89 /* Main.storyboard */ = {
			isa = PBXVariantGroup;
			children = (
				60BFCF3524573D0700BE6F89 /* Base */,
			);
			name = Main.storyboard;
			sourceTree = "<group>";
		};
		60BFCF3924573D0C00BE6F89 /* LaunchScreen.storyboard */ = {
			isa = PBXVariantGroup;
			children = (
				60BFCF3A24573D0C00BE6F89 /* Base */,
			);
			name = LaunchScreen.storyboard;
			sourceTree = "<group>";
		};
/* End PBXVariantGroup section */

/* Begin XCBuildConfiguration section */
		60BFCF5324573D0C00BE6F89 /* Debug */ = {
			isa = XCBuildConfiguration;
			buildSettings = {
				ALWAYS_SEARCH_USER_PATHS = NO;
				CLANG_ANALYZER_NONNULL = YES;
				CLANG_ANALYZER_NUMBER_OBJECT_CONVERSION = YES_AGGRESSIVE;
				CLANG_CXX_LANGUAGE_STANDARD = "gnu++14";
				CLANG_CXX_LIBRARY = "libc++";
				CLANG_ENABLE_MODULES = YES;
				CLANG_ENABLE_OBJC_ARC = YES;
				CLANG_ENABLE_OBJC_WEAK = YES;
				CLANG_WARN_BLOCK_CAPTURE_AUTORELEASING = YES;
				CLANG_WARN_BOOL_CONVERSION = YES;
				CLANG_WARN_COMMA = YES;
				CLANG_WARN_CONSTANT_CONVERSION = YES;
				CLANG_WARN_DEPRECATED_OBJC_IMPLEMENTATIONS = YES;
				CLANG_WARN_DIRECT_OBJC_ISA_USAGE = YES_ERROR;
				CLANG_WARN_DOCUMENTATION_COMMENTS = YES;
				CLANG_WARN_EMPTY_BODY = YES;
				CLANG_WARN_ENUM_CONVERSION = YES;
				CLANG_WARN_INFINITE_RECURSION = YES;
				CLANG_WARN_INT_CONVERSION = YES;
				CLANG_WARN_NON_LITERAL_NULL_CONVERSION = YES;
				CLANG_WARN_OBJC_IMPLICIT_RETAIN_SELF = YES;
				CLANG_WARN_OBJC_LITERAL_CONVERSION = YES;
				CLANG_WARN_OBJC_ROOT_CLASS = YES_ERROR;
				CLANG_WARN_RANGE_LOOP_ANALYSIS = YES;
				CLANG_WARN_STRICT_PROTOTYPES = YES;
				CLANG_WARN_SUSPICIOUS_MOVE = YES;
				CLANG_WARN_UNGUARDED_AVAILABILITY = YES_AGGRESSIVE;
				CLANG_WARN_UNREACHABLE_CODE = YES;
				CLANG_WARN__DUPLICATE_METHOD_MATCH = YES;
				COPY_PHASE_STRIP = NO;
				DEBUG_INFORMATION_FORMAT = dwarf;
				ENABLE_STRICT_OBJC_MSGSEND = YES;
				ENABLE_TESTABILITY = YES;
				GCC_C_LANGUAGE_STANDARD = gnu11;
				GCC_DYNAMIC_NO_PIC = NO;
				GCC_NO_COMMON_BLOCKS = YES;
				GCC_OPTIMIZATION_LEVEL = 0;
				GCC_PREPROCESSOR_DEFINITIONS = (
					"DEBUG=1",
					"$(inherited)",
				);
				GCC_WARN_64_TO_32_BIT_CONVERSION = YES;
				GCC_WARN_ABOUT_RETURN_TYPE = YES_ERROR;
				GCC_WARN_UNDECLARED_SELECTOR = YES;
				GCC_WARN_UNINITIALIZED_AUTOS = YES_AGGRESSIVE;
				GCC_WARN_UNUSED_FUNCTION = YES;
				GCC_WARN_UNUSED_VARIABLE = YES;
				IPHONEOS_DEPLOYMENT_TARGET = 13.2;
				MTL_ENABLE_DEBUG_INFO = INCLUDE_SOURCE;
				MTL_FAST_MATH = YES;
				ONLY_ACTIVE_ARCH = YES;
				SDKROOT = iphoneos;
				SWIFT_ACTIVE_COMPILATION_CONDITIONS = DEBUG;
				SWIFT_OPTIMIZATION_LEVEL = "-Onone";
			};
			name = Debug;
		};
		60BFCF5424573D0C00BE6F89 /* Release */ = {
			isa = XCBuildConfiguration;
			buildSettings = {
				ALWAYS_SEARCH_USER_PATHS = NO;
				CLANG_ANALYZER_NONNULL = YES;
				CLANG_ANALYZER_NUMBER_OBJECT_CONVERSION = YES_AGGRESSIVE;
				CLANG_CXX_LANGUAGE_STANDARD = "gnu++14";
				CLANG_CXX_LIBRARY = "libc++";
				CLANG_ENABLE_MODULES = YES;
				CLANG_ENABLE_OBJC_ARC = YES;
				CLANG_ENABLE_OBJC_WEAK = YES;
				CLANG_WARN_BLOCK_CAPTURE_AUTORELEASING = YES;
				CLANG_WARN_BOOL_CONVERSION = YES;
				CLANG_WARN_COMMA = YES;
				CLANG_WARN_CONSTANT_CONVERSION = YES;
				CLANG_WARN_DEPRECATED_OBJC_IMPLEMENTATIONS = YES;
				CLANG_WARN_DIRECT_OBJC_ISA_USAGE = YES_ERROR;
				CLANG_WARN_DOCUMENTATION_COMMENTS = YES;
				CLANG_WARN_EMPTY_BODY = YES;
				CLANG_WARN_ENUM_CONVERSION = YES;
				CLANG_WARN_INFINITE_RECURSION = YES;
				CLANG_WARN_INT_CONVERSION = YES;
				CLANG_WARN_NON_LITERAL_NULL_CONVERSION = YES;
				CLANG_WARN_OBJC_IMPLICIT_RETAIN_SELF = YES;
				CLANG_WARN_OBJC_LITERAL_CONVERSION = YES;
				CLANG_WARN_OBJC_ROOT_CLASS = YES_ERROR;
				CLANG_WARN_RANGE_LOOP_ANALYSIS = YES;
				CLANG_WARN_STRICT_PROTOTYPES = YES;
				CLANG_WARN_SUSPICIOUS_MOVE = YES;
				CLANG_WARN_UNGUARDED_AVAILABILITY = YES_AGGRESSIVE;
				CLANG_WARN_UNREACHABLE_CODE = YES;
				CLANG_WARN__DUPLICATE_METHOD_MATCH = YES;
				COPY_PHASE_STRIP = NO;
				DEBUG_INFORMATION_FORMAT = "dwarf-with-dsym";
				ENABLE_NS_ASSERTIONS = NO;
				ENABLE_STRICT_OBJC_MSGSEND = YES;
				GCC_C_LANGUAGE_STANDARD = gnu11;
				GCC_NO_COMMON_BLOCKS = YES;
				GCC_WARN_64_TO_32_BIT_CONVERSION = YES;
				GCC_WARN_ABOUT_RETURN_TYPE = YES_ERROR;
				GCC_WARN_UNDECLARED_SELECTOR = YES;
				GCC_WARN_UNINITIALIZED_AUTOS = YES_AGGRESSIVE;
				GCC_WARN_UNUSED_FUNCTION = YES;
				GCC_WARN_UNUSED_VARIABLE = YES;
				IPHONEOS_DEPLOYMENT_TARGET = 13.2;
				MTL_ENABLE_DEBUG_INFO = NO;
				MTL_FAST_MATH = YES;
				SDKROOT = iphoneos;
				SWIFT_COMPILATION_MODE = wholemodule;
				SWIFT_OPTIMIZATION_LEVEL = "-O";
				VALIDATE_PRODUCT = YES;
			};
			name = Release;
		};
		60BFCF5624573D0C00BE6F89 /* Debug */ = {
			isa = XCBuildConfiguration;
			buildSettings = {
				ASSETCATALOG_COMPILER_APPICON_NAME = AppIcon;
				CODE_SIGN_STYLE = Automatic;
				INFOPLIST_FILE = "Profio Homework #8/Info.plist";
				LD_RUNPATH_SEARCH_PATHS = (
					"$(inherited)",
					"@executable_path/Frameworks",
				);
				PRODUCT_BUNDLE_IDENTIFIER = "Profio-Homework--8.Profio-Homework--8";
				PRODUCT_NAME = "$(TARGET_NAME)";
				SWIFT_VERSION = 5.0;
				TARGETED_DEVICE_FAMILY = "1,2";
			};
			name = Debug;
		};
		60BFCF5724573D0C00BE6F89 /* Release */ = {
			isa = XCBuildConfiguration;
			buildSettings = {
				ASSETCATALOG_COMPILER_APPICON_NAME = AppIcon;
				CODE_SIGN_STYLE = Automatic;
				INFOPLIST_FILE = "Profio Homework #8/Info.plist";
				LD_RUNPATH_SEARCH_PATHS = (
					"$(inherited)",
					"@executable_path/Frameworks",
				);
				PRODUCT_BUNDLE_IDENTIFIER = "Profio-Homework--8.Profio-Homework--8";
				PRODUCT_NAME = "$(TARGET_NAME)";
				SWIFT_VERSION = 5.0;
				TARGETED_DEVICE_FAMILY = "1,2";
			};
			name = Release;
		};
		60BFCF5924573D0C00BE6F89 /* Debug */ = {
			isa = XCBuildConfiguration;
			buildSettings = {
				ALWAYS_EMBED_SWIFT_STANDARD_LIBRARIES = YES;
				BUNDLE_LOADER = "$(TEST_HOST)";
				CODE_SIGN_STYLE = Automatic;
				INFOPLIST_FILE = "Profio Homework #8Tests/Info.plist";
				IPHONEOS_DEPLOYMENT_TARGET = 13.2;
				LD_RUNPATH_SEARCH_PATHS = (
					"$(inherited)",
					"@executable_path/Frameworks",
					"@loader_path/Frameworks",
				);
				PRODUCT_BUNDLE_IDENTIFIER = "Profio-Homework--8.Profio-Homework--8Tests";
				PRODUCT_NAME = "$(TARGET_NAME)";
				SWIFT_VERSION = 5.0;
				TARGETED_DEVICE_FAMILY = "1,2";
				TEST_HOST = "$(BUILT_PRODUCTS_DIR)/Profio Homework #8.app/Profio Homework #8";
			};
			name = Debug;
		};
		60BFCF5A24573D0C00BE6F89 /* Release */ = {
			isa = XCBuildConfiguration;
			buildSettings = {
				ALWAYS_EMBED_SWIFT_STANDARD_LIBRARIES = YES;
				BUNDLE_LOADER = "$(TEST_HOST)";
				CODE_SIGN_STYLE = Automatic;
				INFOPLIST_FILE = "Profio Homework #8Tests/Info.plist";
				IPHONEOS_DEPLOYMENT_TARGET = 13.2;
				LD_RUNPATH_SEARCH_PATHS = (
					"$(inherited)",
					"@executable_path/Frameworks",
					"@loader_path/Frameworks",
				);
				PRODUCT_BUNDLE_IDENTIFIER = "Profio-Homework--8.Profio-Homework--8Tests";
				PRODUCT_NAME = "$(TARGET_NAME)";
				SWIFT_VERSION = 5.0;
				TARGETED_DEVICE_FAMILY = "1,2";
				TEST_HOST = "$(BUILT_PRODUCTS_DIR)/Profio Homework #8.app/Profio Homework #8";
			};
			name = Release;
		};
		60BFCF5C24573D0C00BE6F89 /* Debug */ = {
			isa = XCBuildConfiguration;
			buildSettings = {
				ALWAYS_EMBED_SWIFT_STANDARD_LIBRARIES = YES;
				CODE_SIGN_STYLE = Automatic;
				INFOPLIST_FILE = "Profio Homework #8UITests/Info.plist";
				LD_RUNPATH_SEARCH_PATHS = (
					"$(inherited)",
					"@executable_path/Frameworks",
					"@loader_path/Frameworks",
				);
				PRODUCT_BUNDLE_IDENTIFIER = "Profio-Homework--8.Profio-Homework--8UITests";
				PRODUCT_NAME = "$(TARGET_NAME)";
				SWIFT_VERSION = 5.0;
				TARGETED_DEVICE_FAMILY = "1,2";
				TEST_TARGET_NAME = "Profio Homework #8";
			};
			name = Debug;
		};
		60BFCF5D24573D0C00BE6F89 /* Release */ = {
			isa = XCBuildConfiguration;
			buildSettings = {
				ALWAYS_EMBED_SWIFT_STANDARD_LIBRARIES = YES;
				CODE_SIGN_STYLE = Automatic;
				INFOPLIST_FILE = "Profio Homework #8UITests/Info.plist";
				LD_RUNPATH_SEARCH_PATHS = (
					"$(inherited)",
					"@executable_path/Frameworks",
					"@loader_path/Frameworks",
				);
				PRODUCT_BUNDLE_IDENTIFIER = "Profio-Homework--8.Profio-Homework--8UITests";
				PRODUCT_NAME = "$(TARGET_NAME)";
				SWIFT_VERSION = 5.0;
				TARGETED_DEVICE_FAMILY = "1,2";
				TEST_TARGET_NAME = "Profio Homework #8";
			};
			name = Release;
		};
/* End XCBuildConfiguration section */

/* Begin XCConfigurationList section */
		60BFCF2624573D0700BE6F89 /* Build configuration list for PBXProject "Profio Homework #8" */ = {
			isa = XCConfigurationList;
			buildConfigurations = (
				60BFCF5324573D0C00BE6F89 /* Debug */,
				60BFCF5424573D0C00BE6F89 /* Release */,
			);
			defaultConfigurationIsVisible = 0;
			defaultConfigurationName = Release;
		};
		60BFCF5524573D0C00BE6F89 /* Build configuration list for PBXNativeTarget "Profio Homework #8" */ = {
			isa = XCConfigurationList;
			buildConfigurations = (
				60BFCF5624573D0C00BE6F89 /* Debug */,
				60BFCF5724573D0C00BE6F89 /* Release */,
			);
			defaultConfigurationIsVisible = 0;
			defaultConfigurationName = Release;
		};
		60BFCF5824573D0C00BE6F89 /* Build configuration list for PBXNativeTarget "Profio Homework #8Tests" */ = {
			isa = XCConfigurationList;
			buildConfigurations = (
				60BFCF5924573D0C00BE6F89 /* Debug */,
				60BFCF5A24573D0C00BE6F89 /* Release */,
			);
			defaultConfigurationIsVisible = 0;
			defaultConfigurationName = Release;
		};
		60BFCF5B24573D0C00BE6F89 /* Build configuration list for PBXNativeTarget "Profio Homework #8UITests" */ = {
			isa = XCConfigurationList;
			buildConfigurations = (
				60BFCF5C24573D0C00BE6F89 /* Debug */,
				60BFCF5D24573D0C00BE6F89 /* Release */,
			);
			defaultConfigurationIsVisible = 0;
			defaultConfigurationName = Release;
		};
/* End XCConfigurationList section */
	};
	rootObject = 60BFCF2324573D0700BE6F89 /* Project object */;
}
